{
  "name": "cedar-template-designer",
  "version": "2.9.24-SNAPSHOT",
  "lockfileVersion": 3,
  "requires": true,
  "packages": {
    "": {
      "name": "cedar-template-designer",
      "version": "2.9.24-SNAPSHOT",
      "license": "BSD-2-Clause",
      "dependencies": {
        "cedar-embeddable-designer": "npm:@org.metadatacenter/cedar-embeddable-designer@0.1.0-dev.20261008.f5b2fec8",
        "cedar-embeddable-editor": "2.0.23",
        "cedar-embeddable-term-picker": "npm:@org.metadatacenter/cedar-embeddable-term-picker@0.1.0-dev.20261008.20d0ba00"
      },
      "devDependencies": {
        "@org.metadatacenter/cedar-design-tokens": "0.1.0-dev.20261008.8a8401b2"
      }
    },
    "node_modules/@org.metadatacenter/cedar-design-tokens": {
      "version": "0.1.0-dev.20261008.8a8401b2",
      "resolved": "https://nexus.bmir.stanford.edu/repository/npm-cedar/@org.metadatacenter/cedar-design-tokens/-/cedar-design-tokens-0.1.0-dev.20261008.8a8401b2.tgz",
      "integrity": "sha512-GBaluZzImBJiSfb2kY98xEvymeJWuSfocjddjdl0XTcmyY/6H55hUqE1L+hH4IIZIP5yadaJSs5k8+lEoivXTA==",
      "dev": true,
      "license": "BSD-2-Clause",
      "engines": {
        "node": "^24.15.0"
      }
    },
    "node_modules/cedar-embeddable-designer": {
      "name": "@org.metadatacenter/cedar-embeddable-designer",
      "version": "0.1.0-dev.20261008.f5b2fec8",
      "resolved": "https://nexus.bmir.stanford.edu/repository/npm-cedar/@org.metadatacenter/cedar-embeddable-designer/-/cedar-embeddable-designer-0.1.0-dev.20261008.f5b2fec8.tgz",
      "integrity": "sha512-mG1tJ+YpHu2BxAAQqRTS5qNlchprFf3VRPzsRRt0Q3rMXHcVsLF4UysxgHw/okTIolLplkX8DoDjvAlCHXT9gg==",
      "license": "BSD-2-Clause"
    },
    "node_modules/cedar-embeddable-editor": {
      "version": "2.0.23",
      "resolved": "https://registry.npmjs.org/cedar-embeddable-editor/-/cedar-embeddable-editor-2.0.23.tgz",
      "integrity": "sha512-MczDPzyU8rJFOdBGGXGdmC8dbYm0u70YFu0Acevab6u3VKYMQ1h6tqnhr1tRhN3hANtqGf7aDe4mZb2zBsYi0g==",
      "license": "BSD-2-Clause"
    },
    "node_modules/cedar-embeddable-term-picker": {
      "name": "@org.metadatacenter/cedar-embeddable-term-picker",
      "version": "0.1.0-dev.20261008.20d0ba00",
      "resolved": "https://nexus.bmir.stanford.edu/repository/npm-cedar/@org.metadatacenter/cedar-embeddable-term-picker/-/cedar-embeddable-term-picker-0.1.0-dev.20261008.20d0ba00.tgz",
      "integrity": "sha512-lq/KMblHgkkpQR6KZD6Y4Kl6/ZG5daroXNMvJjVVBlNTUq9DehRYvNQSac/1ROiysUHByj5OJ303koJnu6h11g==",
      "license": "BSD-2-Clause"
    }
  }
}
