{
  "name": "cedar-template-designer",
  "version": "2.9.23",
  "lockfileVersion": 3,
  "requires": true,
  "packages": {
    "": {
      "name": "cedar-template-designer",
      "version": "2.9.23",
      "license": "BSD-2-Clause",
      "dependencies": {
        "cedar-embeddable-designer": "npm:@org.metadatacenter/cedar-embeddable-designer@0.1.0-dev.20261007.ge420f5dfab63.t1701",
        "cedar-embeddable-editor": "2.0.21",
        "cedar-embeddable-term-picker": "npm:@org.metadatacenter/cedar-embeddable-term-picker@0.1.0-dev.20261007.ge7faea0d40e6.t1701"
      },
      "devDependencies": {
        "@org.metadatacenter/cedar-design-tokens": "0.1.0-dev.20261007.gd3918a5adf0f.t1701"
      }
    },
    "node_modules/@org.metadatacenter/cedar-design-tokens": {
      "version": "0.1.0-dev.20261007.gd3918a5adf0f.t1701",
      "resolved": "https://nexus.bmir.stanford.edu/repository/npm-cedar-releases/@org.metadatacenter/cedar-design-tokens/-/cedar-design-tokens-0.1.0-dev.20261007.gd3918a5adf0f.t1701.tgz",
      "integrity": "sha512-t3RL67BAX88qQgl5bAkz7O5Xg/3oycf30oJ6j0Q/cLGBj5kIkmZgh5VnxjChOn34t6P+U6/z65+QododPVGb5Q==",
      "dev": true,
      "license": "BSD-2-Clause",
      "engines": {
        "node": "^24.15.0"
      }
    },
    "node_modules/cedar-embeddable-designer": {
      "name": "@org.metadatacenter/cedar-embeddable-designer",
      "version": "0.1.0-dev.20261007.ge420f5dfab63.t1701",
      "resolved": "https://nexus.bmir.stanford.edu/repository/npm-cedar-releases/@org.metadatacenter/cedar-embeddable-designer/-/cedar-embeddable-designer-0.1.0-dev.20261007.ge420f5dfab63.t1701.tgz",
      "integrity": "sha512-HoU6gcSyTAYlVseWSRRq/6WrOqreUwPRfA4KujgpqpK64U0s7xj/aPk7++ULXEuQ7T9hOY2rc/oKd5WdPSnQHQ==",
      "license": "BSD-2-Clause"
    },
    "node_modules/cedar-embeddable-editor": {
      "version": "2.0.21",
      "resolved": "https://registry.npmjs.org/cedar-embeddable-editor/-/cedar-embeddable-editor-2.0.21.tgz",
      "integrity": "sha512-0Tp+AzVz/p8zof+C1TQVTUiGpKPMLkg0n6M6lgRtobJOenjr0GE3JwWd4iYF9JE7lGji4J/Vlot9HHbnGzNgIA==",
      "license": "BSD-2-Clause"
    },
    "node_modules/cedar-embeddable-term-picker": {
      "name": "@org.metadatacenter/cedar-embeddable-term-picker",
      "version": "0.1.0-dev.20261007.ge7faea0d40e6.t1701",
      "resolved": "https://nexus.bmir.stanford.edu/repository/npm-cedar-releases/@org.metadatacenter/cedar-embeddable-term-picker/-/cedar-embeddable-term-picker-0.1.0-dev.20261007.ge7faea0d40e6.t1701.tgz",
      "integrity": "sha512-KEPYerHhgu+qjz1jzvXWYPuFiqUTo+RIKy4T8MJGfJWc5ltS0Boc8zJdvfB4gnOQjjKGkyBqDLOPrRzjKMdCdQ==",
      "license": "BSD-2-Clause"
    }
  }
}
