{
  "name": "cedar-template-designer",
  "version": "2.9.21-SNAPSHOT",
  "lockfileVersion": 3,
  "requires": true,
  "packages": {
    "": {
      "name": "cedar-template-designer",
      "version": "2.9.21-SNAPSHOT",
      "license": "BSD-2-Clause",
      "dependencies": {
        "cedar-embeddable-designer": "npm:@org.metadatacenter/cedar-embeddable-designer@0.1.0-dev.20261003.94c38510",
        "cedar-embeddable-editor": "npm:@org.metadatacenter/cedar-embeddable-editor@2.0.20-dev.20261003.9221c31",
        "cedar-embeddable-term-picker": "npm:@org.metadatacenter/cedar-embeddable-term-picker@0.1.0-dev.20261003.a292e41e"
      },
      "devDependencies": {
        "@org.metadatacenter/cedar-design-tokens": "0.1.0-dev.20261003.7495ef39"
      }
    },
    "node_modules/@org.metadatacenter/cedar-design-tokens": {
      "version": "0.1.0-dev.20261003.7495ef39",
      "resolved": "https://nexus.bmir.stanford.edu/repository/npm-cedar/@org.metadatacenter/cedar-design-tokens/-/cedar-design-tokens-0.1.0-dev.20261003.7495ef39.tgz",
      "integrity": "sha512-4qN+1XHE3vdnISwK2Xii8maul4uKyqyM3k44HJ0rIex43VSOjHGAu2ekdtGKM3wmP+sUt+peAu1kZpvKW8U5Qg==",
      "dev": true,
      "license": "BSD-2-Clause",
      "engines": {
        "node": "^24.15.0"
      }
    },
    "node_modules/cedar-embeddable-designer": {
      "name": "@org.metadatacenter/cedar-embeddable-designer",
      "version": "0.1.0-dev.20261003.94c38510",
      "resolved": "https://nexus.bmir.stanford.edu/repository/npm-cedar/@org.metadatacenter/cedar-embeddable-designer/-/cedar-embeddable-designer-0.1.0-dev.20261003.94c38510.tgz",
      "integrity": "sha512-5046WSvfJ0O4AErlXewoNtFELWTbc2pZfgrIKIPi2Fhg0Y89purA+RonYM2Obddd5UDhsPf6gYg0TTCsw6a72A==",
      "license": "BSD-2-Clause"
    },
    "node_modules/cedar-embeddable-editor": {
      "name": "@org.metadatacenter/cedar-embeddable-editor",
      "version": "2.0.20-dev.20261003.9221c31",
      "resolved": "https://nexus.bmir.stanford.edu/repository/npm-cedar/@org.metadatacenter/cedar-embeddable-editor/-/cedar-embeddable-editor-2.0.20-dev.20261003.9221c31.tgz",
      "integrity": "sha512-+hZqAwlZn7Gjvc0yr82+dWIhCA9KmvJkdxrkKh1gr3YSFhg91ZghzmG2HDGqXKieDyjMVpJas3WupqZu5wsDjQ==",
      "license": "BSD-2-Clause"
    },
    "node_modules/cedar-embeddable-term-picker": {
      "name": "@org.metadatacenter/cedar-embeddable-term-picker",
      "version": "0.1.0-dev.20261003.a292e41e",
      "resolved": "https://nexus.bmir.stanford.edu/repository/npm-cedar/@org.metadatacenter/cedar-embeddable-term-picker/-/cedar-embeddable-term-picker-0.1.0-dev.20261003.a292e41e.tgz",
      "integrity": "sha512-SgSO+08vzFHYod5d0+Dc/9hC5L5MVqmVHp/G9RGfq1O9DIowDqAf1ffhc1mijK3ViqbbY9VjZ9HGkZXygpZ3Bg==",
      "license": "BSD-2-Clause"
    }
  }
}
